
Microsoft Visual Studio Solution File, Format Version 12.00
# Visual Studio 2012
Project("{FAE04EC0-301F-11D3-BF4B-00C04F79EFBC}") = "StringFilter", "StringFilter\StringFilter.csproj", "{EE5EE2B9-AA0A-4055-83BD-D3F7B52C329A}"
EndProject
Global
	GlobalSection(SolutionConfigurationPlatforms) = preSolution
		Debug|Any CPU = Debug|Any CPU
		Release|Any CPU = Release|Any CPU
	EndGlobalSection
	GlobalSection(ProjectConfigurationPlatforms) = postSolution
		{EE5EE2B9-AA0A-4055-83BD-D3F7B52C329A}.Debug|Any CPU.ActiveCfg = Debug|Any CPU
		{EE5EE2B9-AA0A-4055-83BD-D3F7B52C329A}.Debug|Any CPU.Build.0 = Debug|Any CPU
		{EE5EE2B9-AA0A-4055-83BD-D3F7B52C329A}.Release|Any CPU.ActiveCfg = Release|Any CPU
		{EE5EE2B9-AA0A-4055-83BD-D3F7B52C329A}.Release|Any CPU.Build.0 = Release|Any CPU
	EndGlobalSection
	GlobalSection(SolutionProperties) = preSolution
		HideSolutionNode = FALSE
	EndGlobalSection
EndGlobal
